
Microsoft Visual Studio Solution File, Format Version 12.00
Project("{FAE04EC0-301F-11D3-BF4B-00C04F79EFBC}") = "Lr2", "Lr2\Lr2.csproj", "{61709BF8-B4D9-49A4-A2B2-1D36B9DD1FB0}"
EndProject
Global
	GlobalSection(SolutionConfigurationPlatforms) = preSolution
		Debug|Any CPU = Debug|Any CPU
		Release|Any CPU = Release|Any CPU
	EndGlobalSection
	GlobalSection(ProjectConfigurationPlatforms) = postSolution
		{61709BF8-B4D9-49A4-A2B2-1D36B9DD1FB0}.Debug|Any CPU.ActiveCfg = Debug|Any CPU
		{61709BF8-B4D9-49A4-A2B2-1D36B9DD1FB0}.Debug|Any CPU.Build.0 = Debug|Any CPU
		{61709BF8-B4D9-49A4-A2B2-1D36B9DD1FB0}.Release|Any CPU.ActiveCfg = Release|Any CPU
		{61709BF8-B4D9-49A4-A2B2-1D36B9DD1FB0}.Release|Any CPU.Build.0 = Release|Any CPU
	EndGlobalSection
EndGlobal
